
Microsoft Visual Studio Solution File, Format Version 12.00
# Visual Studio Version 16
VisualStudioVersion = 16.0.31515.178
MinimumVisualStudioVersion = 10.0.40219.1
Project("{FAE04EC0-301F-11D3-BF4B-00C04F79EFBC}") = "PersonelMVC", "PersonelMVC\PersonelMVC.csproj", "{FCC280EA-5B63-49F6-B830-7CF62E348ACD}"
EndProject
Global
	GlobalSection(SolutionConfigurationPlatforms) = preSolution
		Debug|Any CPU = Debug|Any CPU
		Release|Any CPU = Release|Any CPU
	EndGlobalSection
	GlobalSection(ProjectConfigurationPlatforms) = postSolution
		{FCC280EA-5B63-49F6-B830-7CF62E348ACD}.Debug|Any CPU.ActiveCfg = Debug|Any CPU
		{FCC280EA-5B63-49F6-B830-7CF62E348ACD}.Debug|Any CPU.Build.0 = Debug|Any CPU
		{FCC280EA-5B63-49F6-B830-7CF62E348ACD}.Release|Any CPU.ActiveCfg = Release|Any CPU
		{FCC280EA-5B63-49F6-B830-7CF62E348ACD}.Release|Any CPU.Build.0 = Release|Any CPU
	EndGlobalSection
	GlobalSection(SolutionProperties) = preSolution
		HideSolutionNode = FALSE
	EndGlobalSection
	GlobalSection(ExtensibilityGlobals) = postSolution
		SolutionGuid = {69A27052-1FD9-4620-AF76-377F4281FF93}
	EndGlobalSection
EndGlobal
